PODS:
  - AFNetworking (1.3.1)
  - AQGridView (1.3)
  - BlocksKit (1.8.2):
    - libffi
  - DCIntrospect (0.0.2)
  - ELCImagePickerController (0.1.1)
  - GHUnitIOS (0.5.6)
  - JASidePanels (1.3.1)
  - libffi (3.0.13)
  - LUKeychainAccess (1.0.1)
  - MagicalRecord (2.1)
  - NoticeView (3.0.6)
  - OCCalendar (0.0.3)
  - QuickDialog (0.8)
  - Reachability (3.1.0)
  - SDWebImage (3.2):
    - SDWebImage/Core
  - SDWebImage/Core (3.2)
  - SVProgressHUD (0.9)
  - SVWebViewController (0.1)
  - Underscore.m (0.2.0)

DEPENDENCIES:
  - AFNetworking
  - AQGridView
  - BlocksKit
  - DCIntrospect
  - ELCImagePickerController
  - GHUnitIOS
  - JASidePanels
  - LUKeychainAccess
  - MagicalRecord
  - NoticeView
  - OCCalendar
  - QuickDialog
  - Reachability
  - SDWebImage
  - SVProgressHUD
  - SVWebViewController
  - Underscore.m

SPEC CHECKSUMS:
  AFNetworking: 9ec8aafb9269236a7630bd8d9838ce2ba30fa2a0
  AQGridView: ee436c64bc4a972ca7f3ce99971c0204af9e65ea
  BlocksKit: 7396526b0816734103f6133fbb1a520c8b04e80c
  DCIntrospect: 2f5cab0b58b170459ebcb200f59042306fcb0c0d
  ELCImagePickerController: 1f1150d7ea030f8b2474232d624198121c9be93b
  GHUnitIOS: bf149b2c44084eee2785ce4ac3675c3a699e509d
  JASidePanels: bdc86395baee77fef838f5c7f3637300a7ff8c1f
  libffi: 64ef39353e747bb2b25e1026afd96a157bf9231c
  LUKeychainAccess: 6ba22b2e1eec24f9f2fc9c6a9087d5524a58b1a2
  MagicalRecord: 64e7184c240087a45e9588a722eaf05b0ad837f7
  NoticeView: 16bb529beb669dd8f27f1dc9c63b8d006cf89ad1
  OCCalendar: 008313dd9d19feeb22f5fe503a8e08963db3ae7c
  QuickDialog: 465692c7c599ad41a0c46022c55779dd61a4d4fe
  Reachability: ba94ecd4eaa037be3d0588b38956672588530c5b
  SDWebImage: f742ac91b65bd34b6d452325115e2ded3a73380e
  SVProgressHUD: 03d4845ec8e64591726428a08236c6a5489d45f8
  SVWebViewController: 2e3a367237bb7072e54e05c6eaa82d21a12ba676
  Underscore.m: a1363c047e21e601dcabc16abd6faf9413cf4290

COCOAPODS: 0.20.2
